{
    "_readme": [
        "This file locks the dependencies of your project to a known state",
        "Read more about it at https://getcomposer.org/doc/01-basic-usage.md#installing-dependencies",
        "This file is @generated automatically"
    ],
    "content-hash": "67a45df210f0cb60a3709144f471c54d",
    "packages": [
        {
            "name": "koolreport/core",
            "version": "6.5.0",
            "source": {
                "type": "git",
                "url": "https://github.com/koolreport/core.git",
                "reference": "35eb87b40d527c71a49d85ced861cbf834b4724a"
            },
            "dist": {
                "type": "zip",
                "url": "https://api.github.com/repos/koolreport/core/zipball/35eb87b40d527c71a49d85ced861cbf834b4724a",
                "reference": "35eb87b40d527c71a49d85ced861cbf834b4724a",
                "shasum": ""
            },
            "require": {
                "php": ">=5.4"
            },
            "type": "library",
            "autoload": {
                "files": [
                    "autoload.php"
                ]
            },
            "notification-url": "https://packagist.org/downloads/",
            "license": [
                "MIT"
            ],
            "authors": [
                {
                    "name": "KoolPHP Inc",
                    "homepage": "https://www.koolphp.net"
                }
            ],
            "description": "An Open Source PHP Reporting Framework for easier and faster report delivery.",
            "homepage": "https://www.koolreport.com",
            "keywords": [
                "PHP Reporting Framework",
                "PHP Reporting Tools",
                "charts and graphs",
                "data processing",
                "data visualization"
            ],
            "support": {
                "issues": "https://github.com/koolreport/core/issues",
                "source": "https://github.com/koolreport/core/tree/v6.5.0"
            },
            "time": "2024-03-27T07:56:52+00:00"
        }
    ],
    "packages-dev": [],
    "aliases": [],
    "minimum-stability": "stable",
    "stability-flags": [],
    "prefer-stable": false,
    "prefer-lowest": false,
    "platform": [],
    "platform-dev": [],
    "plugin-api-version": "2.6.0"
}
